{
  "name": "lego-mechanum-car",
  "version": "1.0.0",
  "lockfileVersion": 1,
  "requires": true,
  "dependencies": {
    "async": {
      "version": "3.2.0",
      "resolved": "https://registry.npmjs.org/async/-/async-3.2.0.tgz",
      "integrity": "sha512-TR2mEZFVOj2pLStYxLht7TyfuRzaydfpxr3k9RpHIzMgw7A64dzsdqCxH1WJyQdoe8T10nDXd9wnEigmiuHIZw=="
    },
    "bindings": {
      "version": "1.5.0",
      "resolved": "https://registry.npmjs.org/bindings/-/bindings-1.5.0.tgz",
      "integrity": "sha512-p2q/t/mhvuOj/UeLlV6566GD/guowlr0hHxClI0W9m7MWYkL1F0hLo+0Aexs9HSPCtR1SXQ0TD3MMKrXZajbiQ==",
      "requires": {
        "file-uri-to-path": "1.0.0"
      }
    },
    "btoa": {
      "version": "1.2.1",
      "resolved": "https://registry.npmjs.org/btoa/-/btoa-1.2.1.tgz",
      "integrity": "sha512-SB4/MIGlsiVkMcHmT+pSmIPoNDoHg+7cMzmt3Uxt628MTz2487DKSqK/fuhFBrkuqrYv5UCEnACpF4dTFNKc/g=="
    },
    "coffeescript": {
      "version": "2.5.1",
      "resolved": "https://registry.npmjs.org/coffeescript/-/coffeescript-2.5.1.tgz",
      "integrity": "sha512-J2jRPX0eeFh5VKyVnoLrfVFgLZtnnmp96WQSLAS8OrLm2wtQLcnikYKe1gViJKDH7vucjuhHvBKKBP3rKcD1tQ=="
    },
    "file-uri-to-path": {
      "version": "1.0.0",
      "resolved": "https://registry.npmjs.org/file-uri-to-path/-/file-uri-to-path-1.0.0.tgz",
      "integrity": "sha512-0Zt+s3L7Vf1biwWZ29aARiVYLx7iMGnEUl9x33fbB/j3jR81u/O2LbqK+Bm1CDSNDKVtJ/YjwY7TUd5SkeLQLw=="
    },
    "i2c": {
      "version": "0.2.5",
      "resolved": "https://registry.npmjs.org/i2c/-/i2c-0.2.5.tgz",
      "integrity": "sha512-+OeXoxiw9AheSmeZN5brFiEL+K3lzgIekd6JIJy71y5sli5whtxeGMgPBA5XjXR5OE0EUhaXBCncLboltqHrIQ==",
      "requires": {
        "bindings": "1.5.0",
        "coffeescript": "2.5.1",
        "nan": "~2.14.0",
        "repl": "0.1.3",
        "underscore": "1.11.0"
      }
    },
    "i2c-bus": {
      "version": "5.2.1",
      "resolved": "https://registry.npmjs.org/i2c-bus/-/i2c-bus-5.2.1.tgz",
      "integrity": "sha512-ihfUEG8BPbmVkwLJv2vZmvXUNZ8TUCIqnTAVgSwzqH72jouT3HdpJOJCGIwJt8SQ8H7QpefvWqDuT40TnnUELQ==",
      "requires": {
        "bindings": "^1.5.0",
        "nan": "^2.14.1"
      }
    },
    "mpu6050": {
      "version": "0.1.4",
      "resolved": "https://registry.npmjs.org/mpu6050/-/mpu6050-0.1.4.tgz",
      "integrity": "sha512-VEJJXx5+sJ+vWiBTXf/zf6gtI4eZgGGcW6u1qLlLRJunGo06CtCS7buWoXlXq9/kM0kPaX3pNRL2XJ8pJIC3Xw==",
      "requires": {
        "i2c": "*"
      }
    },
    "mpu6050-dmp": {
      "version": "0.0.6",
      "resolved": "https://registry.npmjs.org/mpu6050-dmp/-/mpu6050-dmp-0.0.6.tgz",
      "integrity": "sha1-x5ICP4LV+tilkd6oC3MUEgvb5YY=",
      "requires": {
        "bindings": "^1.2.1",
        "nan": "^2.0.5"
      }
    },
    "mpu6050-gyro": {
      "version": "1.1.1",
      "resolved": "https://registry.npmjs.org/mpu6050-gyro/-/mpu6050-gyro-1.1.1.tgz",
      "integrity": "sha512-weSgAKHQYG1ojfhA63lrCIzYjjV+gwlPt8+P/PJK6zGhyJHD+AnZFBpEIslH0wYbc7Z2C+E1Ao9fXqggcr4zgQ==",
      "requires": {
        "async": "^3.2.0",
        "i2c-bus": "^5.1.0"
      }
    },
    "nan": {
      "version": "2.14.2",
      "resolved": "https://registry.npmjs.org/nan/-/nan-2.14.2.tgz",
      "integrity": "sha512-M2ufzIiINKCuDfBSAUr1vWQ+vuVcA9kqx8JJUsbQi6yf1uGRyb7HfpdfUr5qLXf3B/t8dPvcjhKMmlfnP47EzQ=="
    },
    "phidget22": {
      "version": "2.6.17",
      "resolved": "https://registry.npmjs.org/phidget22/-/phidget22-2.6.17.tgz",
      "integrity": "sha512-DrYAafXsqZITRyRJEAPV9nppPIrQMdoovnwH0u8hFPcfDi7a5UkpXY1GYvywzOT5Ybp87b0Qzwy4ioC8rJZxmA==",
      "requires": {
        "btoa": "^1.1.2"
      }
    },
    "readline": {
      "version": "1.3.0",
      "resolved": "https://registry.npmjs.org/readline/-/readline-1.3.0.tgz",
      "integrity": "sha1-xYDXfvLPyHUrEySYBg3JeTp6wBw="
    },
    "repl": {
      "version": "0.1.3",
      "resolved": "https://registry.npmjs.org/repl/-/repl-0.1.3.tgz",
      "integrity": "sha1-LwXUKwyItD0FzL2hDtFK7/Vpm2A="
    },
    "underscore": {
      "version": "1.11.0",
      "resolved": "https://registry.npmjs.org/underscore/-/underscore-1.11.0.tgz",
      "integrity": "sha512-xY96SsN3NA461qIRKZ/+qox37YXPtSBswMGfiNptr+wrt6ds4HaMw23TP612fEyGekRE6LNRiLYr/aqbHXNedw=="
    }
  }
}
